{
  "name": "thincoder",
  "version": "0.12.26",
  "lockfileVersion": 3,
  "requires": true,
  "packages": {
    "": {
      "name": "thincoder",
      "version": "0.12.26",
      "license": "MIT",
      "bin": {
        "thincoder": "bin/thincoder.cjs"
      },
      "engines": {
        "node": ">=24"
      }
    }
  }
}
