{
  "name": "thincoder",
  "version": "0.8.11",
  "lockfileVersion": 3,
  "requires": true,
  "packages": {
    "": {
      "name": "thincoder",
      "version": "0.8.11",
      "license": "MIT",
      "bin": {
        "thincoder": "bin/thincoder.mjs"
      },
      "engines": {
        "node": ">=22"
      }
    }
  }
}
